
Microsoft Visual Studio Solution File, Format Version 12.00
# Visual Studio Version 16
VisualStudioVersion = 16.0.33130.400
MinimumVisualStudioVersion = 10.0.40219.1
Project("{FAE04EC0-301F-11D3-BF4B-00C04F79EFBC}") = "NotepadApp", "NotepadApp.csproj", "{74D28EBA-AD98-438B-8227-6C329FE761AD}"
EndProject
Global
	GlobalSection(SolutionConfigurationPlatforms) = preSolution
		Debug|Any CPU = Debug|Any CPU
		Release|Any CPU = Release|Any CPU
	EndGlobalSection
	GlobalSection(ProjectConfigurationPlatforms) = postSolution
		{74D28EBA-AD98-438B-8227-6C329FE761AD}.Debug|Any CPU.ActiveCfg = Debug|Any CPU
		{74D28EBA-AD98-438B-8227-6C329FE761AD}.Debug|Any CPU.Build.0 = Debug|Any CPU
		{74D28EBA-AD98-438B-8227-6C329FE761AD}.Release|Any CPU.ActiveCfg = Release|Any CPU
		{74D28EBA-AD98-438B-8227-6C329FE761AD}.Release|Any CPU.Build.0 = Release|Any CPU
	EndGlobalSection
	GlobalSection(SolutionProperties) = preSolution
		HideSolutionNode = FALSE
	EndGlobalSection
	GlobalSection(ExtensibilityGlobals) = postSolution
		SolutionGuid = {A967E48C-E597-4C30-A2FD-63CB5DF2720A}
	EndGlobalSection
EndGlobal
